
Microsoft Visual Studio Solution File, Format Version 12.00
# Visual Studio 15
VisualStudioVersion = 15.0.27130.2036
MinimumVisualStudioVersion = 10.0.40219.1
Project("{FAE04EC0-301F-11D3-BF4B-00C04F79EFBC}") = "eShop.Android", "eShop\eShop.Android\eShop.Android.csproj", "{DB35D5AD-00C3-41E4-A345-8CD430282E77}"
EndProject
Project("{FAE04EC0-301F-11D3-BF4B-00C04F79EFBC}") = "eShop.iOS", "eShop\eShop.iOS\eShop.iOS.csproj", "{84455BD4-DED4-42B6-8D19-80CAF80B2B38}"
EndProject
Project("{FAE04EC0-301F-11D3-BF4B-00C04F79EFBC}") = "eShop.UWP", "eShop\eShop.UWP\eShop.UWP.csproj", "{31DF1690-F1EE-42CF-8A4A-0F945741FB15}"
EndProject
Project("{D954291E-2A0B-460D-934E-DC6B0785DB48}") = "eShop", "eShop\eShop\eShop.shproj", "{5A1B29B6-DF3F-43A7-98EB-9B4ABB106FE2}"
EndProject
Global
	GlobalSection(SharedMSBuildProjectFiles) = preSolution
		eShop\eShop\eShop.projitems*{31df1690-f1ee-42cf-8a4a-0f945741fb15}*SharedItemsImports = 4
		eShop\eShop\eShop.projitems*{5a1b29b6-df3f-43a7-98eb-9b4abb106fe2}*SharedItemsImports = 13
		eShop\eShop\eShop.projitems*{84455bd4-ded4-42b6-8d19-80caf80b2b38}*SharedItemsImports = 4
		eShop\eShop\eShop.projitems*{db35d5ad-00c3-41e4-a345-8cd430282e77}*SharedItemsImports = 4
	EndGlobalSection
	GlobalSection(SolutionConfigurationPlatforms) = preSolution
		Ad-Hoc|Any CPU = Ad-Hoc|Any CPU
		Ad-Hoc|ARM = Ad-Hoc|ARM
		Ad-Hoc|iPhone = Ad-Hoc|iPhone
		Ad-Hoc|iPhoneSimulator = Ad-Hoc|iPhoneSimulator
		Ad-Hoc|x64 = Ad-Hoc|x64
		Ad-Hoc|x86 = Ad-Hoc|x86
		AppStore|Any CPU = AppStore|Any CPU
		AppStore|ARM = AppStore|ARM
		AppStore|iPhone = AppStore|iPhone
		AppStore|iPhoneSimulator = AppStore|iPhoneSimulator
		AppStore|x64 = AppStore|x64
		AppStore|x86 = AppStore|x86
		Debug|Any CPU = Debug|Any CPU
		Debug|ARM = Debug|ARM
		Debug|iPhone = Debug|iPhone
		Debug|iPhoneSimulator = Debug|iPhoneSimulator
		Debug|x64 = Debug|x64
		Debug|x86 = Debug|x86
		Release|Any CPU = Release|Any CPU
		Release|ARM = Release|ARM
		Release|iPhone = Release|iPhone
		Release|iPhoneSimulator = Release|iPhoneSimulator
		Release|x64 = Release|x64
		Release|x86 = Release|x86
	EndGlobalSection
	GlobalSection(ProjectConfigurationPlatforms) = postSolution
		{DB35D5AD-00C3-41E4-A345-8CD430282E77}.Ad-Hoc|Any CPU.ActiveCfg = Release|Any CPU
		{DB35D5AD-00C3-41E4-A345-8CD430282E77}.Ad-Hoc|Any CPU.Build.0 = Release|Any CPU
		{DB35D5AD-00C3-41E4-A345-8CD430282E77}.Ad-Hoc|Any CPU.Deploy.0 = Release|Any CPU
		{DB35D5AD-00C3-41E4-A345-8CD430282E77}.Ad-Hoc|ARM.ActiveCfg = Release|Any CPU
		{DB35D5AD-00C3-41E4-A345-8CD430282E77}.Ad-Hoc|ARM.Build.0 = Release|Any CPU
		{DB35D5AD-00C3-41E4-A345-8CD430282E77}.Ad-Hoc|ARM.Deploy.0 = Release|Any CPU
		{DB35D5AD-00C3-41E4-A345-8CD430282E77}.Ad-Hoc|iPhone.ActiveCfg = Release|Any CPU
		{DB35D5AD-00C3-41E4-A345-8CD430282E77}.Ad-Hoc|iPhone.Build.0 = Release|Any CPU
		{DB35D5AD-00C3-41E4-A345-8CD430282E77}.Ad-Hoc|iPhone.Deploy.0 = Release|Any CPU
		{DB35D5AD-00C3-41E4-A345-8CD430282E77}.Ad-Hoc|iPhoneSimulator.ActiveCfg = Release|Any CPU
		{DB35D5AD-00C3-41E4-A345-8CD430282E77}.Ad-Hoc|iPhoneSimulator.Build.0 = Release|Any CPU
		{DB35D5AD-00C3-41E4-A345-8CD430282E77}.Ad-Hoc|iPhoneSimulator.Deploy.0 = Release|Any CPU
		{DB35D5AD-00C3-41E4-A345-8CD430282E77}.Ad-Hoc|x64.ActiveCfg = Release|Any CPU
		{DB35D5AD-00C3-41E4-A345-8CD430282E77}.Ad-Hoc|x64.Build.0 = Release|Any CPU
		{DB35D5AD-00C3-41E4-A345-8CD430282E77}.Ad-Hoc|x64.Deploy.0 = Release|Any CPU
		{DB35D5AD-00C3-41E4-A345-8CD430282E77}.Ad-Hoc|x86.ActiveCfg = Release|Any CPU
		{DB35D5AD-00C3-41E4-A345-8CD430282E77}.Ad-Hoc|x86.Build.0 = Release|Any CPU
		{DB35D5AD-00C3-41E4-A345-8CD430282E77}.Ad-Hoc|x86.Deploy.0 = Release|Any CPU
		{DB35D5AD-00C3-41E4-A345-8CD430282E77}.AppStore|Any CPU.ActiveCfg = Release|Any CPU
		{DB35D5AD-00C3-41E4-A345-8CD430282E77}.AppStore|Any CPU.Build.0 = Release|Any CPU
		{DB35D5AD-00C3-41E4-A345-8CD430282E77}.AppStore|Any CPU.Deploy.0 = Release|Any CPU
		{DB35D5AD-00C3-41E4-A345-8CD430282E77}.AppStore|ARM.ActiveCfg = Release|Any CPU
		{DB35D5AD-00C3-41E4-A345-8CD430282E77}.AppStore|ARM.Build.0 = Release|Any CPU
		{DB35D5AD-00C3-41E4-A345-8CD430282E77}.AppStore|ARM.Deploy.0 = Release|Any CPU
		{DB35D5AD-00C3-41E4-A345-8CD430282E77}.AppStore|iPhone.ActiveCfg = Release|Any CPU
		{DB35D5AD-00C3-41E4-A345-8CD430282E77}.AppStore|iPhone.Build.0 = Release|Any CPU
		{DB35D5AD-00C3-41E4-A345-8CD430282E77}.AppStore|iPhone.Deploy.0 = Release|Any CPU
		{DB35D5AD-00C3-41E4-A345-8CD430282E77}.AppStore|iPhoneSimulator.ActiveCfg = Release|Any CPU
		{DB35D5AD-00C3-41E4-A345-8CD430282E77}.AppStore|iPhoneSimulator.Build.0 = Release|Any CPU
		{DB35D5AD-00C3-41E4-A345-8CD430282E77}.AppStore|iPhoneSimulator.Deploy.0 = Release|Any CPU
		{DB35D5AD-00C3-41E4-A345-8CD430282E77}.AppStore|x64.ActiveCfg = Release|Any CPU
		{DB35D5AD-00C3-41E4-A345-8CD430282E77}.AppStore|x64.Build.0 = Release|Any CPU
		{DB35D5AD-00C3-41E4-A345-8CD430282E77}.AppStore|x64.Deploy.0 = Release|Any CPU
		{DB35D5AD-00C3-41E4-A345-8CD430282E77}.AppStore|x86.ActiveCfg = Release|Any CPU
		{DB35D5AD-00C3-41E4-A345-8CD430282E77}.AppStore|x86.Build.0 = Release|Any CPU
		{DB35D5AD-00C3-41E4-A345-8CD430282E77}.AppStore|x86.Deploy.0 = Release|Any CPU
		{DB35D5AD-00C3-41E4-A345-8CD430282E77}.Debug|Any CPU.ActiveCfg = Debug|Any CPU
		{DB35D5AD-00C3-41E4-A345-8CD430282E77}.Debug|Any CPU.Build.0 = Debug|Any CPU
		{DB35D5AD-00C3-41E4-A345-8CD430282E77}.Debug|Any CPU.Deploy.0 = Debug|Any CPU
		{DB35D5AD-00C3-41E4-A345-8CD430282E77}.Debug|ARM.ActiveCfg = Debug|Any CPU
		{DB35D5AD-00C3-41E4-A345-8CD430282E77}.Debug|ARM.Build.0 = Debug|Any CPU
		{DB35D5AD-00C3-41E4-A345-8CD430282E77}.Debug|ARM.Deploy.0 = Debug|Any CPU
		{DB35D5AD-00C3-41E4-A345-8CD430282E77}.Debug|iPhone.ActiveCfg = Debug|Any CPU
		{DB35D5AD-00C3-41E4-A345-8CD430282E77}.Debug|iPhone.Build.0 = Debug|Any CPU
		{DB35D5AD-00C3-41E4-A345-8CD430282E77}.Debug|iPhone.Deploy.0 = Debug|Any CPU
		{DB35D5AD-00C3-41E4-A345-8CD430282E77}.Debug|iPhoneSimulator.ActiveCfg = Debug|Any CPU
		{DB35D5AD-00C3-41E4-A345-8CD430282E77}.Debug|iPhoneSimulator.Build.0 = Debug|Any CPU
		{DB35D5AD-00C3-41E4-A345-8CD430282E77}.Debug|iPhoneSimulator.Deploy.0 = Debug|Any CPU
		{DB35D5AD-00C3-41E4-A345-8CD430282E77}.Debug|x64.ActiveCfg = Debug|Any CPU
		{DB35D5AD-00C3-41E4-A345-8CD430282E77}.Debug|x64.Build.0 = Debug|Any CPU
		{DB35D5AD-00C3-41E4-A345-8CD430282E77}.Debug|x64.Deploy.0 = Debug|Any CPU
		{DB35D5AD-00C3-41E4-A345-8CD430282E77}.Debug|x86.ActiveCfg = Debug|Any CPU
		{DB35D5AD-00C3-41E4-A345-8CD430282E77}.Debug|x86.Build.0 = Debug|Any CPU
		{DB35D5AD-00C3-41E4-A345-8CD430282E77}.Debug|x86.Deploy.0 = Debug|Any CPU
		{DB35D5AD-00C3-41E4-A345-8CD430282E77}.Release|Any CPU.ActiveCfg = Release|Any CPU
		{DB35D5AD-00C3-41E4-A345-8CD430282E77}.Release|Any CPU.Build.0 = Release|Any CPU
		{DB35D5AD-00C3-41E4-A345-8CD430282E77}.Release|Any CPU.Deploy.0 = Release|Any CPU
		{DB35D5AD-00C3-41E4-A345-8CD430282E77}.Release|ARM.ActiveCfg = Release|Any CPU
		{DB35D5AD-00C3-41E4-A345-8CD430282E77}.Release|ARM.Build.0 = Release|Any CPU
		{DB35D5AD-00C3-41E4-A345-8CD430282E77}.Release|ARM.Deploy.0 = Release|Any CPU
		{DB35D5AD-00C3-41E4-A345-8CD430282E77}.Release|iPhone.ActiveCfg = Release|Any CPU
		{DB35D5AD-00C3-41E4-A345-8CD430282E77}.Release|iPhone.Build.0 = Release|Any CPU
		{DB35D5AD-00C3-41E4-A345-8CD430282E77}.Release|iPhone.Deploy.0 = Release|Any CPU
		{DB35D5AD-00C3-41E4-A345-8CD430282E77}.Release|iPhoneSimulator.ActiveCfg = Release|Any CPU
		{DB35D5AD-00C3-41E4-A345-8CD430282E77}.Release|iPhoneSimulator.Build.0 = Release|Any CPU
		{DB35D5AD-00C3-41E4-A345-8CD430282E77}.Release|iPhoneSimulator.Deploy.0 = Release|Any CPU
		{DB35D5AD-00C3-41E4-A345-8CD430282E77}.Release|x64.ActiveCfg = Release|Any CPU
		{DB35D5AD-00C3-41E4-A345-8CD430282E77}.Release|x64.Build.0 = Release|Any CPU
		{DB35D5AD-00C3-41E4-A345-8CD430282E77}.Release|x64.Deploy.0 = Release|Any CPU
		{DB35D5AD-00C3-41E4-A345-8CD430282E77}.Release|x86.ActiveCfg = Release|Any CPU
		{DB35D5AD-00C3-41E4-A345-8CD430282E77}.Release|x86.Build.0 = Release|Any CPU
		{DB35D5AD-00C3-41E4-A345-8CD430282E77}.Release|x86.Deploy.0 = Release|Any CPU
		{84455BD4-DED4-42B6-8D19-80CAF80B2B38}.Ad-Hoc|Any CPU.ActiveCfg = Ad-Hoc|iPhone
		{84455BD4-DED4-42B6-8D19-80CAF80B2B38}.Ad-Hoc|ARM.ActiveCfg = Ad-Hoc|iPhone
		{84455BD4-DED4-42B6-8D19-80CAF80B2B38}.Ad-Hoc|iPhone.ActiveCfg = Ad-Hoc|iPhone
		{84455BD4-DED4-42B6-8D19-80CAF80B2B38}.Ad-Hoc|iPhone.Build.0 = Ad-Hoc|iPhone
		{84455BD4-DED4-42B6-8D19-80CAF80B2B38}.Ad-Hoc|iPhoneSimulator.ActiveCfg = Ad-Hoc|iPhoneSimulator
		{84455BD4-DED4-42B6-8D19-80CAF80B2B38}.Ad-Hoc|iPhoneSimulator.Build.0 = Ad-Hoc|iPhoneSimulator
		{84455BD4-DED4-42B6-8D19-80CAF80B2B38}.Ad-Hoc|x64.ActiveCfg = Ad-Hoc|iPhone
		{84455BD4-DED4-42B6-8D19-80CAF80B2B38}.Ad-Hoc|x86.ActiveCfg = Ad-Hoc|iPhone
		{84455BD4-DED4-42B6-8D19-80CAF80B2B38}.AppStore|Any CPU.ActiveCfg = AppStore|iPhone
		{84455BD4-DED4-42B6-8D19-80CAF80B2B38}.AppStore|ARM.ActiveCfg = AppStore|iPhone
		{84455BD4-DED4-42B6-8D19-80CAF80B2B38}.AppStore|iPhone.ActiveCfg = AppStore|iPhone
		{84455BD4-DED4-42B6-8D19-80CAF80B2B38}.AppStore|iPhone.Build.0 = AppStore|iPhone
		{84455BD4-DED4-42B6-8D19-80CAF80B2B38}.AppStore|iPhoneSimulator.ActiveCfg = AppStore|iPhoneSimulator
		{84455BD4-DED4-42B6-8D19-80CAF80B2B38}.AppStore|iPhoneSimulator.Build.0 = AppStore|iPhoneSimulator
		{84455BD4-DED4-42B6-8D19-80CAF80B2B38}.AppStore|x64.ActiveCfg = AppStore|iPhone
		{84455BD4-DED4-42B6-8D19-80CAF80B2B38}.AppStore|x86.ActiveCfg = AppStore|iPhone
		{84455BD4-DED4-42B6-8D19-80CAF80B2B38}.Debug|Any CPU.ActiveCfg = Debug|iPhone
		{84455BD4-DED4-42B6-8D19-80CAF80B2B38}.Debug|ARM.ActiveCfg = Debug|iPhone
		{84455BD4-DED4-42B6-8D19-80CAF80B2B38}.Debug|iPhone.ActiveCfg = Debug|iPhone
		{84455BD4-DED4-42B6-8D19-80CAF80B2B38}.Debug|iPhone.Build.0 = Debug|iPhone
		{84455BD4-DED4-42B6-8D19-80CAF80B2B38}.Debug|iPhoneSimulator.ActiveCfg = Debug|iPhoneSimulator
		{84455BD4-DED4-42B6-8D19-80CAF80B2B38}.Debug|iPhoneSimulator.Build.0 = Debug|iPhoneSimulator
		{84455BD4-DED4-42B6-8D19-80CAF80B2B38}.Debug|x64.ActiveCfg = Debug|iPhone
		{84455BD4-DED4-42B6-8D19-80CAF80B2B38}.Debug|x86.ActiveCfg = Debug|iPhone
		{84455BD4-DED4-42B6-8D19-80CAF80B2B38}.Release|Any CPU.ActiveCfg = Release|iPhone
		{84455BD4-DED4-42B6-8D19-80CAF80B2B38}.Release|ARM.ActiveCfg = Release|iPhone
		{84455BD4-DED4-42B6-8D19-80CAF80B2B38}.Release|iPhone.ActiveCfg = Release|iPhone
		{84455BD4-DED4-42B6-8D19-80CAF80B2B38}.Release|iPhone.Build.0 = Release|iPhone
		{84455BD4-DED4-42B6-8D19-80CAF80B2B38}.Release|iPhoneSimulator.ActiveCfg = Release|iPhoneSimulator
		{84455BD4-DED4-42B6-8D19-80CAF80B2B38}.Release|iPhoneSimulator.Build.0 = Release|iPhoneSimulator
		{84455BD4-DED4-42B6-8D19-80CAF80B2B38}.Release|x64.ActiveCfg = Release|iPhone
		{84455BD4-DED4-42B6-8D19-80CAF80B2B38}.Release|x86.ActiveCfg = Release|iPhone
		{31DF1690-F1EE-42CF-8A4A-0F945741FB15}.Ad-Hoc|Any CPU.ActiveCfg = Release|x86
		{31DF1690-F1EE-42CF-8A4A-0F945741FB15}.Ad-Hoc|Any CPU.Build.0 = Release|x86
		{31DF1690-F1EE-42CF-8A4A-0F945741FB15}.Ad-Hoc|Any CPU.Deploy.0 = Release|x86
		{31DF1690-F1EE-42CF-8A4A-0F945741FB15}.Ad-Hoc|ARM.ActiveCfg = Release|ARM
		{31DF1690-F1EE-42CF-8A4A-0F945741FB15}.Ad-Hoc|ARM.Build.0 = Release|ARM
		{31DF1690-F1EE-42CF-8A4A-0F945741FB15}.Ad-Hoc|ARM.Deploy.0 = Release|ARM
		{31DF1690-F1EE-42CF-8A4A-0F945741FB15}.Ad-Hoc|iPhone.ActiveCfg = Release|x86
		{31DF1690-F1EE-42CF-8A4A-0F945741FB15}.Ad-Hoc|iPhone.Build.0 = Release|x86
		{31DF1690-F1EE-42CF-8A4A-0F945741FB15}.Ad-Hoc|iPhone.Deploy.0 = Release|x86
		{31DF1690-F1EE-42CF-8A4A-0F945741FB15}.Ad-Hoc|iPhoneSimulator.ActiveCfg = Release|x86
		{31DF1690-F1EE-42CF-8A4A-0F945741FB15}.Ad-Hoc|iPhoneSimulator.Build.0 = Release|x86
		{31DF1690-F1EE-42CF-8A4A-0F945741FB15}.Ad-Hoc|iPhoneSimulator.Deploy.0 = Release|x86
		{31DF1690-F1EE-42CF-8A4A-0F945741FB15}.Ad-Hoc|x64.ActiveCfg = Release|x64
		{31DF1690-F1EE-42CF-8A4A-0F945741FB15}.Ad-Hoc|x64.Build.0 = Release|x64
		{31DF1690-F1EE-42CF-8A4A-0F945741FB15}.Ad-Hoc|x64.Deploy.0 = Release|x64
		{31DF1690-F1EE-42CF-8A4A-0F945741FB15}.Ad-Hoc|x86.ActiveCfg = Release|x86
		{31DF1690-F1EE-42CF-8A4A-0F945741FB15}.Ad-Hoc|x86.Build.0 = Release|x86
		{31DF1690-F1EE-42CF-8A4A-0F945741FB15}.Ad-Hoc|x86.Deploy.0 = Release|x86
		{31DF1690-F1EE-42CF-8A4A-0F945741FB15}.AppStore|Any CPU.ActiveCfg = Release|x86
		{31DF1690-F1EE-42CF-8A4A-0F945741FB15}.AppStore|Any CPU.Build.0 = Release|x86
		{31DF1690-F1EE-42CF-8A4A-0F945741FB15}.AppStore|Any CPU.Deploy.0 = Release|x86
		{31DF1690-F1EE-42CF-8A4A-0F945741FB15}.AppStore|ARM.ActiveCfg = Release|ARM
		{31DF1690-F1EE-42CF-8A4A-0F945741FB15}.AppStore|ARM.Build.0 = Release|ARM
		{31DF1690-F1EE-42CF-8A4A-0F945741FB15}.AppStore|ARM.Deploy.0 = Release|ARM
		{31DF1690-F1EE-42CF-8A4A-0F945741FB15}.AppStore|iPhone.ActiveCfg = Release|x86
		{31DF1690-F1EE-42CF-8A4A-0F945741FB15}.AppStore|iPhone.Build.0 = Release|x86
		{31DF1690-F1EE-42CF-8A4A-0F945741FB15}.AppStore|iPhone.Deploy.0 = Release|x86
		{31DF1690-F1EE-42CF-8A4A-0F945741FB15}.AppStore|iPhoneSimulator.ActiveCfg = Release|x86
		{31DF1690-F1EE-42CF-8A4A-0F945741FB15}.AppStore|iPhoneSimulator.Build.0 = Release|x86
		{31DF1690-F1EE-42CF-8A4A-0F945741FB15}.AppStore|iPhoneSimulator.Deploy.0 = Release|x86
		{31DF1690-F1EE-42CF-8A4A-0F945741FB15}.AppStore|x64.ActiveCfg = Release|x64
		{31DF1690-F1EE-42CF-8A4A-0F945741FB15}.AppStore|x64.Build.0 = Release|x64
		{31DF1690-F1EE-42CF-8A4A-0F945741FB15}.AppStore|x64.Deploy.0 = Release|x64
		{31DF1690-F1EE-42CF-8A4A-0F945741FB15}.AppStore|x86.ActiveCfg = Release|x86
		{31DF1690-F1EE-42CF-8A4A-0F945741FB15}.AppStore|x86.Build.0 = Release|x86
		{31DF1690-F1EE-42CF-8A4A-0F945741FB15}.AppStore|x86.Deploy.0 = Release|x86
		{31DF1690-F1EE-42CF-8A4A-0F945741FB15}.Debug|Any CPU.ActiveCfg = Debug|x86
		{31DF1690-F1EE-42CF-8A4A-0F945741FB15}.Debug|ARM.ActiveCfg = Debug|ARM
		{31DF1690-F1EE-42CF-8A4A-0F945741FB15}.Debug|ARM.Build.0 = Debug|ARM
		{31DF1690-F1EE-42CF-8A4A-0F945741FB15}.Debug|ARM.Deploy.0 = Debug|ARM
		{31DF1690-F1EE-42CF-8A4A-0F945741FB15}.Debug|iPhone.ActiveCfg = Debug|x86
		{31DF1690-F1EE-42CF-8A4A-0F945741FB15}.Debug|iPhoneSimulator.ActiveCfg = Debug|x86
		{31DF1690-F1EE-42CF-8A4A-0F945741FB15}.Debug|x64.ActiveCfg = Debug|x64
		{31DF1690-F1EE-42CF-8A4A-0F945741FB15}.Debug|x64.Build.0 = Debug|x64
		{31DF1690-F1EE-42CF-8A4A-0F945741FB15}.Debug|x64.Deploy.0 = Debug|x64
		{31DF1690-F1EE-42CF-8A4A-0F945741FB15}.Debug|x86.ActiveCfg = Debug|x86
		{31DF1690-F1EE-42CF-8A4A-0F945741FB15}.Debug|x86.Build.0 = Debug|x86
		{31DF1690-F1EE-42CF-8A4A-0F945741FB15}.Debug|x86.Deploy.0 = Debug|x86
		{31DF1690-F1EE-42CF-8A4A-0F945741FB15}.Release|Any CPU.ActiveCfg = Release|x86
		{31DF1690-F1EE-42CF-8A4A-0F945741FB15}.Release|ARM.ActiveCfg = Release|ARM
		{31DF1690-F1EE-42CF-8A4A-0F945741FB15}.Release|ARM.Build.0 = Release|ARM
		{31DF1690-F1EE-42CF-8A4A-0F945741FB15}.Release|ARM.Deploy.0 = Release|ARM
		{31DF1690-F1EE-42CF-8A4A-0F945741FB15}.Release|iPhone.ActiveCfg = Release|x86
		{31DF1690-F1EE-42CF-8A4A-0F945741FB15}.Release|iPhoneSimulator.ActiveCfg = Release|x86
		{31DF1690-F1EE-42CF-8A4A-0F945741FB15}.Release|x64.ActiveCfg = Release|x64
		{31DF1690-F1EE-42CF-8A4A-0F945741FB15}.Release|x64.Build.0 = Release|x64
		{31DF1690-F1EE-42CF-8A4A-0F945741FB15}.Release|x64.Deploy.0 = Release|x64
		{31DF1690-F1EE-42CF-8A4A-0F945741FB15}.Release|x86.ActiveCfg = Release|x86
		{31DF1690-F1EE-42CF-8A4A-0F945741FB15}.Release|x86.Build.0 = Release|x86
		{31DF1690-F1EE-42CF-8A4A-0F945741FB15}.Release|x86.Deploy.0 = Release|x86
	EndGlobalSection
	GlobalSection(SolutionProperties) = preSolution
		HideSolutionNode = FALSE
	EndGlobalSection
	GlobalSection(ExtensibilityGlobals) = postSolution
		SolutionGuid = {2E29C2E6-4BD7-418D-8CD9-361DA2B4539B}
	EndGlobalSection
EndGlobal
